// !$*UTF8*$!
{
	archiveVersion = 1;
	classes = {
	};
	objectVersion = 50;
	objects = {

/* Begin PBXBuildFile section */
		55AA3BC3268AE8DF00E8C767 /* AppDelegate.swift in Sources */ = {isa = PBXBuildFile; fileRef = 55AA3BC2268AE8DF00E8C767 /* AppDelegate.swift */; };
		55AA3BC5268AE8DF00E8C767 /* SceneDelegate.swift in Sources */ = {isa = PBXBuildFile; fileRef = 55AA3BC4268AE8DF00E8C767 /* SceneDelegate.swift */; };
		55AA3BC7268AE8DF00E8C767 /* ContentView.swift in Sources */ = {isa = PBXBuildFile; fileRef = 55AA3BC6268AE8DF00E8C767 /* ContentView.swift */; };
		55AA3BC9268AE8E200E8C767 /* Assets.xcassets in Resources */ = {isa = PBXBuildFile; fileRef = 55AA3BC8268AE8E200E8C767 /* Assets.xcassets */; };
		55AA3BCC268AE8E200E8C767 /* Preview Assets.xcassets in Resources */ = {isa = PBXBuildFile; fileRef = 55AA3BCB268AE8E200E8C767 /* Preview Assets.xcassets */; };
		55AA3BCF268AE8E200E8C767 /* LaunchScreen.storyboard in Resources */ = {isa = PBXBuildFile; fileRef = 55AA3BCD268AE8E200E8C767 /* LaunchScreen.storyboard */; };
/* End PBXBuildFile section */

/* Begin PBXFileReference section */
		55AA3BBF268AE8DF00E8C767 /* Flag Game.app */ = {isa = PBXFileReference; explicitFileType = wrapper.application; includeInIndex = 0; path = "Flag Game.app"; sourceTree = BUILT_PRODUCTS_DIR; };
		55AA3BC2268AE8DF00E8C767 /* AppDelegate.swift */ = {isa = PBXFileReference; lastKnownFileType = sourcecode.swift; path = AppDelegate.swift; sourceTree = "<group>"; };
		55AA3BC4268AE8DF00E8C767 /* SceneDelegate.swift */ = {isa = PBXFileReference; lastKnownFileType = sourcecode.swift; path = SceneDelegate.swift; sourceTree = "<group>"; };
		55AA3BC6268AE8DF00E8C767 /* ContentView.swift */ = {isa = PBXFileReference; lastKnownFileType = sourcecode.swift; path = ContentView.swift; sourceTree = "<group>"; };
		55AA3BC8268AE8E200E8C767 /* Assets.xcassets */ = {isa = PBXFileReference; lastKnownFileType = folder.assetcatalog; path = Assets.xcassets; sourceTree = "<group>"; };
		55AA3BCB268AE8E200E8C767 /* Preview Assets.xcassets */ = {isa = PBXFileReference; lastKnownFileType = folder.assetcatalog; path = "Preview Assets.xcassets"; sourceTree = "<group>"; };
		55AA3BCE268AE8E200E8C767 /* Base */ = {isa = PBXFileReference; lastKnownFileType = file.storyboard; name = Base; path = Base.lproj/LaunchScreen.storyboard; sourceTree = "<group>"; };
		55AA3BD0268AE8E200E8C767 /* Info.plist */ = {isa = PBXFileReference; lastKnownFileType = text.plist.xml; path = Info.plist; sourceTree = "<group>"; };
/* End PBXFileReference section */

/* Begin PBXFrameworksBuildPhase section */
		55AA3BBC268AE8DF00E8C767 /* Frameworks */ = {
			isa = PBXFrameworksBuildPhase;
			buildActionMask = 2147483647;
			files = (
			);
			runOnlyForDeploymentPostprocessing = 0;
		};
/* End PBXFrameworksBuildPhase section */

/* Begin PBXGroup section */
		55AA3BB6268AE8DF00E8C767 = {
			isa = PBXGroup;
			children = (
				55AA3BC1268AE8DF00E8C767 /* Flag Game */,
				55AA3BC0268AE8DF00E8C767 /* Products */,
			);
			sourceTree = "<group>";
		};
		55AA3BC0268AE8DF00E8C767 /* Products */ = {
			isa = PBXGroup;
			children = (
				55AA3BBF268AE8DF00E8C767 /* Flag Game.app */,
			);
			name = Products;
			sourceTree = "<group>";
		};
		55AA3BC1268AE8DF00E8C767 /* Flag Game */ = {
			isa = PBXGroup;
			children = (
				55AA3BC2268AE8DF00E8C767 /* AppDelegate.swift */,
				55AA3BC4268AE8DF00E8C767 /* SceneDelegate.swift */,
				55AA3BC6268AE8DF00E8C767 /* ContentView.swift */,
				55AA3BC8268AE8E200E8C767 /* Assets.xcassets */,
				55AA3BCD268AE8E200E8C767 /* LaunchScreen.storyboard */,
				55AA3BD0268AE8E200E8C767 /* Info.plist */,
				55AA3BCA268AE8E200E8C767 /* Preview Content */,
			);
			path = "Flag Game";
			sourceTree = "<group>";
		};
		55AA3BCA268AE8E200E8C767 /* Preview Content */ = {
			isa = PBXGroup;
			children = (
				55AA3BCB268AE8E200E8C767 /* Preview Assets.xcassets */,
			);
			path = "Preview Content";
			sourceTree = "<group>";
		};
/* End PBXGroup section */

/* Begin PBXNativeTarget section */
		55AA3BBE268AE8DF00E8C767 /* Flag Game */ = {
			isa = PBXNativeTarget;
			buildConfigurationList = 55AA3BD3268AE8E200E8C767 /* Build configuration list for PBXNativeTarget "Flag Game" */;
			buildPhases = (
				55AA3BBB268AE8DF00E8C767 /* Sources */,
				55AA3BBC268AE8DF00E8C767 /* Frameworks */,
				55AA3BBD268AE8DF00E8C767 /* Resources */,
			);
			buildRules = (
			);
			dependencies = (
			);
			name = "Flag Game";
			productName = "Flag Game";
			productReference = 55AA3BBF268AE8DF00E8C767 /* Flag Game.app */;
			productType = "com.apple.product-type.application";
		};
/* End PBXNativeTarget section */

/* Begin PBXProject section */
		55AA3BB7268AE8DF00E8C767 /* Project object */ = {
			isa = PBXProject;
			attributes = {
				LastSwiftUpdateCheck = 1250;
				LastUpgradeCheck = 1250;
				TargetAttributes = {
					55AA3BBE268AE8DF00E8C767 = {
						CreatedOnToolsVersion = 12.5.1;
					};
				};
			};
			buildConfigurationList = 55AA3BBA268AE8DF00E8C767 /* Build configuration list for PBXProject "Flag Game" */;
			compatibilityVersion = "Xcode 9.3";
			developmentRegion = en;
			hasScannedForEncodings = 0;
			knownRegions = (
				en,
				Base,
			);
			mainGroup = 55AA3BB6268AE8DF00E8C767;
			productRefGroup = 55AA3BC0268AE8DF00E8C767 /* Products */;
			projectDirPath = "";
			projectRoot = "";
			targets = (
				55AA3BBE268AE8DF00E8C767 /* Flag Game */,
			);
		};
/* End PBXProject section */

/* Begin PBXResourcesBuildPhase section */
		55AA3BBD268AE8DF00E8C767 /* Resources */ = {
			isa = PBXResourcesBuildPhase;
			buildActionMask = 2147483647;
			files = (
				55AA3BCF268AE8E200E8C767 /* LaunchScreen.storyboard in Resources */,
				55AA3BCC268AE8E200E8C767 /* Preview Assets.xcassets in Resources */,
				55AA3BC9268AE8E200E8C767 /* Assets.xcassets in Resources */,
			);
			runOnlyForDeploymentPostprocessing = 0;
		};
/* End PBXResourcesBuildPhase section */

/* Begin PBXSourcesBuildPhase section */
		55AA3BBB268AE8DF00E8C767 /* Sources */ = {
			isa = PBXSourcesBuildPhase;
			buildActionMask = 2147483647;
			files = (
				55AA3BC3268AE8DF00E8C767 /* AppDelegate.swift in Sources */,
				55AA3BC5268AE8DF00E8C767 /* SceneDelegate.swift in Sources */,
				55AA3BC7268AE8DF00E8C767 /* ContentView.swift in Sources */,
			);
			runOnlyForDeploymentPostprocessing = 0;
		};
/* End PBXSourcesBuildPhase section */

/* Begin PBXVariantGroup section */
		55AA3BCD268AE8E200E8C767 /* LaunchScreen.storyboard */ = {
			isa = PBXVariantGroup;
			children = (
				55AA3BCE268AE8E200E8C767 /* Base */,
			);
			name = LaunchScreen.storyboard;
			sourceTree = "<group>";
		};
/* End PBXVariantGroup section */

/* Begin XCBuildConfiguration section */
		55AA3BD1268AE8E200E8C767 /* Debug */ = {
			isa = XCBuildConfiguration;
			buildSettings = {
				ALWAYS_SEARCH_USER_PATHS = NO;
				CLANG_ANALYZER_NONNULL = YES;
				CLANG_ANALYZER_NUMBER_OBJECT_CONVERSION = YES_AGGRESSIVE;
				CLANG_CXX_LANGUAGE_STANDARD = "gnu++14";
				CLANG_CXX_LIBRARY = "libc++";
				CLANG_ENABLE_MODULES = YES;
				CLANG_ENABLE_OBJC_ARC = YES;
				CLANG_ENABLE_OBJC_WEAK = YES;
				CLANG_WARN_BLOCK_CAPTURE_AUTORELEASING = YES;
				CLANG_WARN_BOOL_CONVERSION = YES;
				CLANG_WARN_COMMA = YES;
				CLANG_WARN_CONSTANT_CONVERSION = YES;
				CLANG_WARN_DEPRECATED_OBJC_IMPLEMENTATIONS = YES;
				CLANG_WARN_DIRECT_OBJC_ISA_USAGE = YES_ERROR;
				CLANG_WARN_DOCUMENTATION_COMMENTS = YES;
				CLANG_WARN_EMPTY_BODY = YES;
				CLANG_WARN_ENUM_CONVERSION = YES;
				CLANG_WARN_INFINITE_RECURSION = YES;
				CLANG_WARN_INT_CONVERSION = YES;
				CLANG_WARN_NON_LITERAL_NULL_CONVERSION = YES;
				CLANG_WARN_OBJC_IMPLICIT_RETAIN_SELF = YES;
				CLANG_WARN_OBJC_LITERAL_CONVERSION = YES;
				CLANG_WARN_OBJC_ROOT_CLASS = YES_ERROR;
				CLANG_WARN_QUOTED_INCLUDE_IN_FRAMEWORK_HEADER = YES;
				CLANG_WARN_RANGE_LOOP_ANALYSIS = YES;
				CLANG_WARN_STRICT_PROTOTYPES = YES;
				CLANG_WARN_SUSPICIOUS_MOVE = YES;
				CLANG_WARN_UNGUARDED_AVAILABILITY = YES_AGGRESSIVE;
				CLANG_WARN_UNREACHABLE_CODE = YES;
				CLANG_WARN__DUPLICATE_METHOD_MATCH = YES;
				COPY_PHASE_STRIP = NO;
				DEBUG_INFORMATION_FORMAT = dwarf;
				ENABLE_STRICT_OBJC_MSGSEND = YES;
				ENABLE_TESTABILITY = YES;
				GCC_C_LANGUAGE_STANDARD = gnu11;
				GCC_DYNAMIC_NO_PIC = NO;
				GCC_NO_COMMON_BLOCKS = YES;
				GCC_OPTIMIZATION_LEVEL = 0;
				GCC_PREPROCESSOR_DEFINITIONS = (
					"DEBUG=1",
					"$(inherited)",
				);
				GCC_WARN_64_TO_32_BIT_CONVERSION = YES;
				GCC_WARN_ABOUT_RETURN_TYPE = YES_ERROR;
				GCC_WARN_UNDECLARED_SELECTOR = YES;
				GCC_WARN_UNINITIALIZED_AUTOS = YES_AGGRESSIVE;
				GCC_WARN_UNUSED_FUNCTION = YES;
				GCC_WARN_UNUSED_VARIABLE = YES;
				IPHONEOS_DEPLOYMENT_TARGET = 14.5;
				MTL_ENABLE_DEBUG_INFO = INCLUDE_SOURCE;
				MTL_FAST_MATH = YES;
				ONLY_ACTIVE_ARCH = YES;
				SDKROOT = iphoneos;
				SWIFT_ACTIVE_COMPILATION_CONDITIONS = DEBUG;
				SWIFT_OPTIMIZATION_LEVEL = "-Onone";
			};
			name = Debug;
		};
		55AA3BD2268AE8E200E8C767 /* Release */ = {
			isa = XCBuildConfiguration;
			buildSettings = {
				ALWAYS_SEARCH_USER_PATHS = NO;
				CLANG_ANALYZER_NONNULL = YES;
				CLANG_ANALYZER_NUMBER_OBJECT_CONVERSION = YES_AGGRESSIVE;
				CLANG_CXX_LANGUAGE_STANDARD = "gnu++14";
				CLANG_CXX_LIBRARY = "libc++";
				CLANG_ENABLE_MODULES = YES;
				CLANG_ENABLE_OBJC_ARC = YES;
				CLANG_ENABLE_OBJC_WEAK = YES;
				CLANG_WARN_BLOCK_CAPTURE_AUTORELEASING = YES;
				CLANG_WARN_BOOL_CONVERSION = YES;
				CLANG_WARN_COMMA = YES;
				CLANG_WARN_CONSTANT_CONVERSION = YES;
				CLANG_WARN_DEPRECATED_OBJC_IMPLEMENTATIONS = YES;
				CLANG_WARN_DIRECT_OBJC_ISA_USAGE = YES_ERROR;
				CLANG_WARN_DOCUMENTATION_COMMENTS = YES;
				CLANG_WARN_EMPTY_BODY = YES;
				CLANG_WARN_ENUM_CONVERSION = YES;
				CLANG_WARN_INFINITE_RECURSION = YES;
				CLANG_WARN_INT_CONVERSION = YES;
				CLANG_WARN_NON_LITERAL_NULL_CONVERSION = YES;
				CLANG_WARN_OBJC_IMPLICIT_RETAIN_SELF = YES;
				CLANG_WARN_OBJC_LITERAL_CONVERSION = YES;
				CLANG_WARN_OBJC_ROOT_CLASS = YES_ERROR;
				CLANG_WARN_QUOTED_INCLUDE_IN_FRAMEWORK_HEADER = YES;
				CLANG_WARN_RANGE_LOOP_ANALYSIS = YES;
				CLANG_WARN_STRICT_PROTOTYPES = YES;
				CLANG_WARN_SUSPICIOUS_MOVE = YES;
				CLANG_WARN_UNGUARDED_AVAILABILITY = YES_AGGRESSIVE;
				CLANG_WARN_UNREACHABLE_CODE = YES;
				CLANG_WARN__DUPLICATE_METHOD_MATCH = YES;
				COPY_PHASE_STRIP = NO;
				DEBUG_INFORMATION_FORMAT = "dwarf-with-dsym";
				ENABLE_NS_ASSERTIONS = NO;
				ENABLE_STRICT_OBJC_MSGSEND = YES;
				GCC_C_LANGUAGE_STANDARD = gnu11;
				GCC_NO_COMMON_BLOCKS = YES;
				GCC_WARN_64_TO_32_BIT_CONVERSION = YES;
				GCC_WARN_ABOUT_RETURN_TYPE = YES_ERROR;
				GCC_WARN_UNDECLARED_SELECTOR = YES;
				GCC_WARN_UNINITIALIZED_AUTOS = YES_AGGRESSIVE;
				GCC_WARN_UNUSED_FUNCTION = YES;
				GCC_WARN_UNUSED_VARIABLE = YES;
				IPHONEOS_DEPLOYMENT_TARGET = 14.5;
				MTL_ENABLE_DEBUG_INFO = NO;
				MTL_FAST_MATH = YES;
				SDKROOT = iphoneos;
				SWIFT_COMPILATION_MODE = wholemodule;
				SWIFT_OPTIMIZATION_LEVEL = "-O";
				VALIDATE_PRODUCT = YES;
			};
			name = Release;
		};
		55AA3BD4268AE8E200E8C767 /* Debug */ = {
			isa = XCBuildConfiguration;
			buildSettings = {
				ASSETCATALOG_COMPILER_APPICON_NAME = AppIcon;
				ASSETCATALOG_COMPILER_GLOBAL_ACCENT_COLOR_NAME = AccentColor;
				CODE_SIGN_STYLE = Automatic;
				DEVELOPMENT_ASSET_PATHS = "\"Flag Game/Preview Content\"";
				DEVELOPMENT_TEAM = GJM8829Q7N;
				ENABLE_PREVIEWS = YES;
				INFOPLIST_FILE = "Flag Game/Info.plist";
				LD_RUNPATH_SEARCH_PATHS = (
					"$(inherited)",
					"@executable_path/Frameworks",
				);
				PRODUCT_BUNDLE_IDENTIFIER = "com.gokulnair.Flag-Game";
				PRODUCT_NAME = "$(TARGET_NAME)";
				SWIFT_VERSION = 5.0;
				TARGETED_DEVICE_FAMILY = "1,2";
			};
			name = Debug;
		};
		55AA3BD5268AE8E200E8C767 /* Release */ = {
			isa = XCBuildConfiguration;
			buildSettings = {
				ASSETCATALOG_COMPILER_APPICON_NAME = AppIcon;
				ASSETCATALOG_COMPILER_GLOBAL_ACCENT_COLOR_NAME = AccentColor;
				CODE_SIGN_STYLE = Automatic;
				DEVELOPMENT_ASSET_PATHS = "\"Flag Game/Preview Content\"";
				DEVELOPMENT_TEAM = GJM8829Q7N;
				ENABLE_PREVIEWS = YES;
				INFOPLIST_FILE = "Flag Game/Info.plist";
				LD_RUNPATH_SEARCH_PATHS = (
					"$(inherited)",
					"@executable_path/Frameworks",
				);
				PRODUCT_BUNDLE_IDENTIFIER = "com.gokulnair.Flag-Game";
				PRODUCT_NAME = "$(TARGET_NAME)";
				SWIFT_VERSION = 5.0;
				TARGETED_DEVICE_FAMILY = "1,2";
			};
			name = Release;
		};
/* End XCBuildConfiguration section */

/* Begin XCConfigurationList section */
		55AA3BBA268AE8DF00E8C767 /* Build configuration list for PBXProject "Flag Game" */ = {
			isa = XCConfigurationList;
			buildConfigurations = (
				55AA3BD1268AE8E200E8C767 /* Debug */,
				55AA3BD2268AE8E200E8C767 /* Release */,
			);
			defaultConfigurationIsVisible = 0;
			defaultConfigurationName = Release;
		};
		55AA3BD3268AE8E200E8C767 /* Build configuration list for PBXNativeTarget "Flag Game" */ = {
			isa = XCConfigurationList;
			buildConfigurations = (
				55AA3BD4268AE8E200E8C767 /* Debug */,
				55AA3BD5268AE8E200E8C767 /* Release */,
			);
			defaultConfigurationIsVisible = 0;
			defaultConfigurationName = Release;
		};
/* End XCConfigurationList section */
	};
	rootObject = 55AA3BB7268AE8DF00E8C767 /* Project object */;
}
